
Microsoft Visual Studio Solution File, Format Version 12.00
# Visual Studio Version 16
VisualStudioVersion = 16.0.29806.167
MinimumVisualStudioVersion = 10.0.40219.1
Project("{FAE04EC0-301F-11D3-BF4B-00C04F79EFBC}") = "Slaux_Lab_5_6", "Slaux_Lab_5_6\Slaux_Lab_5_6.csproj", "{E886F9B4-831D-4BBE-ADCF-F89F58FB8DFD}"
EndProject
Global
	GlobalSection(SolutionConfigurationPlatforms) = preSolution
		Debug|Any CPU = Debug|Any CPU
		Release|Any CPU = Release|Any CPU
	EndGlobalSection
	GlobalSection(ProjectConfigurationPlatforms) = postSolution
		{E886F9B4-831D-4BBE-ADCF-F89F58FB8DFD}.Debug|Any CPU.ActiveCfg = Debug|Any CPU
		{E886F9B4-831D-4BBE-ADCF-F89F58FB8DFD}.Debug|Any CPU.Build.0 = Debug|Any CPU
		{E886F9B4-831D-4BBE-ADCF-F89F58FB8DFD}.Release|Any CPU.ActiveCfg = Release|Any CPU
		{E886F9B4-831D-4BBE-ADCF-F89F58FB8DFD}.Release|Any CPU.Build.0 = Release|Any CPU
	EndGlobalSection
	GlobalSection(SolutionProperties) = preSolution
		HideSolutionNode = FALSE
	EndGlobalSection
	GlobalSection(ExtensibilityGlobals) = postSolution
		SolutionGuid = {C6F92D58-6DC7-470D-8816-5F78170E19ED}
	EndGlobalSection
EndGlobal
